
Microsoft Visual Studio Solution File, Format Version 12.00
# Visual Studio Version 17
VisualStudioVersion = 17.0.31903.59
MinimumVisualStudioVersion = 10.0.40219.1
Project("{FAE04EC0-301F-11D3-BF4B-00C04F79EFBC}") = "BMWMS.Web", "BMWMS.Web\BMWMS.Web.csproj", "{136E3EC6-617A-4C79-B5F6-6F80C312FEB7}"
EndProject
Project("{FAE04EC0-301F-11D3-BF4B-00C04F79EFBC}") = "BMWMS.API", "BMWMS.API\BMWMS.API.csproj", "{77D67381-8423-472A-916D-0B27CE274730}"
EndProject
Project("{FAE04EC0-301F-11D3-BF4B-00C04F79EFBC}") = "BMWMS.Business", "BMWMS.Business\BMWMS.Business.csproj", "{5423CB55-895C-4EE6-A162-FFCAE0D8247B}"
EndProject
Project("{FAE04EC0-301F-11D3-BF4B-00C04F79EFBC}") = "BMWMS.Repository", "BMWMS.Repository\BMWMS.Repository.csproj", "{6BF348C4-E867-482F-BCF3-019388960F13}"
EndProject
Global
	GlobalSection(SolutionConfigurationPlatforms) = preSolution
		Debug|Any CPU = Debug|Any CPU
		Debug|x64 = Debug|x64
		Debug|x86 = Debug|x86
		Release|Any CPU = Release|Any CPU
		Release|x64 = Release|x64
		Release|x86 = Release|x86
	EndGlobalSection
	GlobalSection(ProjectConfigurationPlatforms) = postSolution
		{136E3EC6-617A-4C79-B5F6-6F80C312FEB7}.Debug|Any CPU.ActiveCfg = Debug|Any CPU
		{136E3EC6-617A-4C79-B5F6-6F80C312FEB7}.Debug|Any CPU.Build.0 = Debug|Any CPU
		{136E3EC6-617A-4C79-B5F6-6F80C312FEB7}.Debug|x64.ActiveCfg = Debug|Any CPU
		{136E3EC6-617A-4C79-B5F6-6F80C312FEB7}.Debug|x64.Build.0 = Debug|Any CPU
		{136E3EC6-617A-4C79-B5F6-6F80C312FEB7}.Debug|x86.ActiveCfg = Debug|Any CPU
		{136E3EC6-617A-4C79-B5F6-6F80C312FEB7}.Debug|x86.Build.0 = Debug|Any CPU
		{136E3EC6-617A-4C79-B5F6-6F80C312FEB7}.Release|Any CPU.ActiveCfg = Release|Any CPU
		{136E3EC6-617A-4C79-B5F6-6F80C312FEB7}.Release|Any CPU.Build.0 = Release|Any CPU
		{136E3EC6-617A-4C79-B5F6-6F80C312FEB7}.Release|x64.ActiveCfg = Release|Any CPU
		{136E3EC6-617A-4C79-B5F6-6F80C312FEB7}.Release|x64.Build.0 = Release|Any CPU
		{136E3EC6-617A-4C79-B5F6-6F80C312FEB7}.Release|x86.ActiveCfg = Release|Any CPU
		{136E3EC6-617A-4C79-B5F6-6F80C312FEB7}.Release|x86.Build.0 = Release|Any CPU
		{77D67381-8423-472A-916D-0B27CE274730}.Debug|Any CPU.ActiveCfg = Debug|Any CPU
		{77D67381-8423-472A-916D-0B27CE274730}.Debug|Any CPU.Build.0 = Debug|Any CPU
		{77D67381-8423-472A-916D-0B27CE274730}.Debug|x64.ActiveCfg = Debug|Any CPU
		{77D67381-8423-472A-916D-0B27CE274730}.Debug|x64.Build.0 = Debug|Any CPU
		{77D67381-8423-472A-916D-0B27CE274730}.Debug|x86.ActiveCfg = Debug|Any CPU
		{77D67381-8423-472A-916D-0B27CE274730}.Debug|x86.Build.0 = Debug|Any CPU
		{77D67381-8423-472A-916D-0B27CE274730}.Release|Any CPU.ActiveCfg = Release|Any CPU
		{77D67381-8423-472A-916D-0B27CE274730}.Release|Any CPU.Build.0 = Release|Any CPU
		{77D67381-8423-472A-916D-0B27CE274730}.Release|x64.ActiveCfg = Release|Any CPU
		{77D67381-8423-472A-916D-0B27CE274730}.Release|x64.Build.0 = Release|Any CPU
		{77D67381-8423-472A-916D-0B27CE274730}.Release|x86.ActiveCfg = Release|Any CPU
		{77D67381-8423-472A-916D-0B27CE274730}.Release|x86.Build.0 = Release|Any CPU
		{5423CB55-895C-4EE6-A162-FFCAE0D8247B}.Debug|Any CPU.ActiveCfg = Debug|Any CPU
		{5423CB55-895C-4EE6-A162-FFCAE0D8247B}.Debug|Any CPU.Build.0 = Debug|Any CPU
		{5423CB55-895C-4EE6-A162-FFCAE0D8247B}.Debug|x64.ActiveCfg = Debug|Any CPU
		{5423CB55-895C-4EE6-A162-FFCAE0D8247B}.Debug|x64.Build.0 = Debug|Any CPU
		{5423CB55-895C-4EE6-A162-FFCAE0D8247B}.Debug|x86.ActiveCfg = Debug|Any CPU
		{5423CB55-895C-4EE6-A162-FFCAE0D8247B}.Debug|x86.Build.0 = Debug|Any CPU
		{5423CB55-895C-4EE6-A162-FFCAE0D8247B}.Release|Any CPU.ActiveCfg = Release|Any CPU
		{5423CB55-895C-4EE6-A162-FFCAE0D8247B}.Release|Any CPU.Build.0 = Release|Any CPU
		{5423CB55-895C-4EE6-A162-FFCAE0D8247B}.Release|x64.ActiveCfg = Release|Any CPU
		{5423CB55-895C-4EE6-A162-FFCAE0D8247B}.Release|x64.Build.0 = Release|Any CPU
		{5423CB55-895C-4EE6-A162-FFCAE0D8247B}.Release|x86.ActiveCfg = Release|Any CPU
		{5423CB55-895C-4EE6-A162-FFCAE0D8247B}.Release|x86.Build.0 = Release|Any CPU
		{6BF348C4-E867-482F-BCF3-019388960F13}.Debug|Any CPU.ActiveCfg = Debug|Any CPU
		{6BF348C4-E867-482F-BCF3-019388960F13}.Debug|Any CPU.Build.0 = Debug|Any CPU
		{6BF348C4-E867-482F-BCF3-019388960F13}.Debug|x64.ActiveCfg = Debug|Any CPU
		{6BF348C4-E867-482F-BCF3-019388960F13}.Debug|x64.Build.0 = Debug|Any CPU
		{6BF348C4-E867-482F-BCF3-019388960F13}.Debug|x86.ActiveCfg = Debug|Any CPU
		{6BF348C4-E867-482F-BCF3-019388960F13}.Debug|x86.Build.0 = Debug|Any CPU
		{6BF348C4-E867-482F-BCF3-019388960F13}.Release|Any CPU.ActiveCfg = Release|Any CPU
		{6BF348C4-E867-482F-BCF3-019388960F13}.Release|Any CPU.Build.0 = Release|Any CPU
		{6BF348C4-E867-482F-BCF3-019388960F13}.Release|x64.ActiveCfg = Release|Any CPU
		{6BF348C4-E867-482F-BCF3-019388960F13}.Release|x64.Build.0 = Release|Any CPU
		{6BF348C4-E867-482F-BCF3-019388960F13}.Release|x86.ActiveCfg = Release|Any CPU
		{6BF348C4-E867-482F-BCF3-019388960F13}.Release|x86.Build.0 = Release|Any CPU
	EndGlobalSection
	GlobalSection(SolutionProperties) = preSolution
		HideSolutionNode = FALSE
	EndGlobalSection
EndGlobal
